<?xml version="1.0" encoding="utf-8"?>
<Project ToolsVersion="4.0" xmlns="http://schemas.microsoft.com/developer/msbuild/2003">
  <ItemGroup>
    <Filter Include="Source Files">
      <UniqueIdentifier>{4FC737F1-C7A5-4376-A066-2A32D752A2FF}</UniqueIdentifier>
      <Extensions>cpp;c;cc;cxx;c++;cppm;ixx;def;odl;idl;hpj;bat;asm;asmx</Extensions>
    </Filter>
    <Filter Include="Header Files">
      <UniqueIdentifier>{93995380-89BD-4b04-88EB-625FBE52EBFB}</UniqueIdentifier>
      <Extensions>h;hh;hpp;hxx;h++;hm;inl;inc;ipp;xsd</Extensions>
    </Filter>
    <Filter Include="Resource Files">
      <UniqueIdentifier>{67DA6AB6-F800-4c08-8B7A-83BB121AAD01}</UniqueIdentifier>
      <Extensions>rc;ico;cur;bmp;dlg;rc2;rct;bin;rgs;gif;jpg;jpeg;jpe;resx;tiff;tif;png;wav;mfcribbon-ms</Extensions>
    </Filter>
    <Filter Include="Source Files\Card">
      <UniqueIdentifier>{b1e1145a-360f-4d94-8b86-7668115f6893}</UniqueIdentifier>
    </Filter>
    <Filter Include="Source Files\Card\Creature">
      <UniqueIdentifier>{7aa9aa1d-3078-453f-96d5-e2ad8df9d8a3}</UniqueIdentifier>
    </Filter>
    <Filter Include="Source Files\Card\Instant">
      <UniqueIdentifier>{715270b7-5b5b-482a-8fda-708470adc18e}</UniqueIdentifier>
    </Filter>
    <Filter Include="Source Files\Card\Enchantment">
      <UniqueIdentifier>{97a28b68-4b49-4205-a602-ef084489b101}</UniqueIdentifier>
    </Filter>
    <Filter Include="Source Files\Card\Artifact">
      <UniqueIdentifier>{00e1789f-0619-4fbe-afa1-5b9308b920bd}</UniqueIdentifier>
    </Filter>
    <Filter Include="Source Files\Card\Planeswalker">
      <UniqueIdentifier>{0f49921f-4f65-490e-ab8a-719a0255a66d}</UniqueIdentifier>
    </Filter>
    <Filter Include="Source Files\Card\Sorcery">
      <UniqueIdentifier>{a249903d-d687-48cb-84d1-dfaa9690e3b2}</UniqueIdentifier>
    </Filter>
    <Filter Include="Source Files\Card\Land">
      <UniqueIdentifier>{cd67863d-fd95-4c28-98e0-193f1901a082}</UniqueIdentifier>
    </Filter>
    <Filter Include="Source Files\Player">
      <UniqueIdentifier>{35df8351-44e2-40dd-bfc1-fae43ebd36d3}</UniqueIdentifier>
    </Filter>
    <Filter Include="Source Files\GameResources">
      <UniqueIdentifier>{ad473a61-1681-4b0e-8679-2a163267481a}</UniqueIdentifier>
    </Filter>
  </ItemGroup>
  <ItemGroup>
    <ClCompile Include="World Tree.cpp">
      <Filter>Source Files</Filter>
    </ClCompile>
    <ClCompile Include="Source\Card.cpp">
      <Filter>Source Files\Card</Filter>
    </ClCompile>
    <ClCompile Include="Source\Card\Creature\Creature.cpp">
      <Filter>Source Files\Card\Creature</Filter>
    </ClCompile>
    <ClCompile Include="Source\Card\Instant\Instant.cpp">
      <Filter>Source Files\Card\Instant</Filter>
    </ClCompile>
    <ClCompile Include="Source\Card\Artifact\Artifact.cpp">
      <Filter>Source Files\Card\Artifact</Filter>
    </ClCompile>
    <ClCompile Include="Source\Card\Enchantment\Enchantment.cpp">
      <Filter>Source Files\Card\Enchantment</Filter>
    </ClCompile>
    <ClCompile Include="Source\Card\Planeswalker\Planeswalker.cpp">
      <Filter>Source Files\Card\Planeswalker</Filter>
    </ClCompile>
    <ClCompile Include="Source\Card\Sorcery\Sorcery.cpp">
      <Filter>Source Files\Card\Sorcery</Filter>
    </ClCompile>
    <ClCompile Include="Source\Card\Land\Land.cpp">
      <Filter>Source Files\Card\Land</Filter>
    </ClCompile>
    <ClCompile Include="Source\Player\Hand.cpp">
      <Filter>Source Files\Player</Filter>
    </ClCompile>
    <ClCompile Include="Source\Player\ManaPool.cpp">
      <Filter>Source Files\Player</Filter>
    </ClCompile>
    <ClCompile Include="Source\Player\Player.cpp">
      <Filter>Source Files\Player</Filter>
    </ClCompile>
    <ClCompile Include="Source\GameResources\Deck.cpp">
      <Filter>Source Files\GameResources</Filter>
    </ClCompile>
    <ClCompile Include="Source\GameResources\Battlefield.cpp">
      <Filter>Source Files\GameResources</Filter>
    </ClCompile>
    <ClCompile Include="Source\GameResources\Dice.cpp">
      <Filter>Source Files\GameResources</Filter>
    </ClCompile>
    <ClCompile Include="Source\GameResources\Mana.cpp">
      <Filter>Source Files\GameResources</Filter>
    </ClCompile>
    <ClCompile Include="Source\Card\Land\Land_Cards\Forest.cpp">
      <Filter>Source Files</Filter>
    </ClCompile>
    <ClCompile Include="Source\Card\Land\Land_Cards\Island.cpp">
      <Filter>Source Files</Filter>
    </ClCompile>
    <ClCompile Include="Source\Card\Land\Land_Cards\Mountain.cpp">
      <Filter>Source Files</Filter>
    </ClCompile>
    <ClCompile Include="Source\Card\Land\Land_Cards\Plains.cpp">
      <Filter>Source Files</Filter>
    </ClCompile>
    <ClCompile Include="Source\Card\Land\Land_Cards\Swamp.cpp">
      <Filter>Source Files</Filter>
    </ClCompile>
  </ItemGroup>
  <ItemGroup>
    <ClInclude Include="Headers\Card.h">
      <Filter>Header Files</Filter>
    </ClInclude>
    <ClInclude Include="Headers\Creature.h">
      <Filter>Header Files</Filter>
    </ClInclude>
    <ClInclude Include="Headers\Instant.h">
      <Filter>Header Files</Filter>
    </ClInclude>
    <ClInclude Include="Headers\Artifact.h">
      <Filter>Header Files</Filter>
    </ClInclude>
    <ClInclude Include="Headers\Battlefield.h">
      <Filter>Header Files</Filter>
    </ClInclude>
    <ClInclude Include="Headers\Deck.h">
      <Filter>Header Files</Filter>
    </ClInclude>
    <ClInclude Include="Headers\Dice.h">
      <Filter>Header Files</Filter>
    </ClInclude>
    <ClInclude Include="Headers\Enchantment.h">
      <Filter>Header Files</Filter>
    </ClInclude>
    <ClInclude Include="Headers\Hand.h">
      <Filter>Header Files</Filter>
    </ClInclude>
    <ClInclude Include="Headers\Land.h">
      <Filter>Header Files</Filter>
    </ClInclude>
    <ClInclude Include="Headers\Mana.h">
      <Filter>Header Files</Filter>
    </ClInclude>
    <ClInclude Include="Headers\ManaPool.h">
      <Filter>Header Files</Filter>
    </ClInclude>
    <ClInclude Include="Headers\Planeswalker.h">
      <Filter>Header Files</Filter>
    </ClInclude>
    <ClInclude Include="Headers\Player.h">
      <Filter>Header Files</Filter>
    </ClInclude>
    <ClInclude Include="Headers\Sorcery.h">
      <Filter>Header Files</Filter>
    </ClInclude>
    <ClInclude Include="Headers\Forest.h">
      <Filter>Header Files</Filter>
    </ClInclude>
    <ClInclude Include="Headers\Island.h">
      <Filter>Header Files</Filter>
    </ClInclude>
    <ClInclude Include="Headers\Mountain.h">
      <Filter>Header Files</Filter>
    </ClInclude>
    <ClInclude Include="Headers\Plains.h">
      <Filter>Header Files</Filter>
    </ClInclude>
    <ClInclude Include="Headers\Swamp.h">
      <Filter>Header Files</Filter>
    </ClInclude>
  </ItemGroup>
</Project>